github.com/PuerkitoBio/goquery v1.5.0 h1:uGvmFXOA73IKluu/F84Xd1tt/z07GYm8X49XKHP7EJk=
github.com/PuerkitoBio/goquery v1.5.0/go.mod h1:qD2PgZ9lccMbQlc7eEOjaeRlFQON7xY8kdmcsrnKqMg=
github.com/andybalholm/cascadia v1.0.0 h1:hOCXnnZ5A+3eVDX8pvgl4kofXv2ELss0bKcqRySc45o=
github.com/andybalholm/cascadia v1.0.0/go.mod h1:GsXiBklL0woXo1j/WYWtSYYC4ouU9PqHO0sqidkEA4Y=
github.com/ant0ine/go-json-rest v3.3.2+incompatible h1:nBixrkLFiDNAW0hauKDLc8yJI6XfrQumWvytE1Hk14E=
github.com/ant0ine/go-json-rest v3.3.2+incompatible/go.mod h1:q6aCt0GfU6LhpBsnZ/2U+mwe+0XB5WStbmwyoPfc+sk=
github.com/certifi/gocertifi v0.0.0-20191021191039-0944d244cd40 h1:xvUo53O5MRZhVMJAxWCJcS5HHrqAiAG9SJ1LpMu6aAI=
github.com/certifi/gocertifi v0.0.0-20191021191039-0944d244cd40/go.mod h1:sGbDF6GwGcLpkNXPUTkMRoywsNa/ol15pxFe6ERfguA=
github.com/davecgh/go-spew v1.1.1 h1:vj9j/u1bqnvCEfJOwUhtlOARqs3+rkHYY13jYWTU97c=
github.com/davecgh/go-spew v1.1.1/go.mod h1:J7Y8YcW2NihsgmVo/mv3lAwl/skON4iLHjSsI+c5H38=
github.com/dustin/go-humanize v1.0.0 h1:VSnTsYCnlFHaM2/igO1h6X3HA71jcobQuxemgkq4zYo=
github.com/dustin/go-humanize v1.0.0/go.mod h1:HtrtbFcZ19U5GC7JDqmcUSB87Iq5E25KnS6fMYU6eOk=
github.com/erikdubbelboer/gspt v0.0.0-20190125194910-e68493906b83 h1:ngHdSomn2MyugZYKHiycad2xERwIrmMlET7A0lC0UU4=
github.com/erikdubbelboer/gspt v0.0.0-20190125194910-e68493906b83/go.mod h1:v6o7m/E9bfvm79dE1iFiF+3T7zLBnrjYjkWMa1J+Hv0=
github.com/getsentry/raven-go v0.2.0 h1:no+xWJRb5ZI7eE8TWgIq1jLulQiIoLG0IfYxv5JYMGs=
github.com/getsentry/raven-go v0.2.0/go.mod h1:KungGk8q33+aIAZUIVWZDr2OfAEBsO49PX4NzFV5kcQ=
github.com/go-telegram-bot-api/telegram-bot-api v4.6.4+incompatible h1:2cauKuaELYAEARXRkq2LrJ0yDDv1rW7+wrTEdVL3uaU=
github.com/go-telegram-bot-api/telegram-bot-api v4.6.4+incompatible/go.mod h1:qf9acutJ8cwBUhm1bqgz6Bei9/C/c93FPDljKWwsOgM=
github.com/google/uuid v1.1.1 h1:Gkbcsh/GbpXz7lPftLA3P6TYMwjCLYm83jiFQZF/3gY=
github.com/google/uuid v1.1.1/go.mod h1:TIyPZe4MgqvfeYDBFedMoGGpEw/LqOeaOT+nhxU+yHo=
github.com/gorilla/websocket v1.2.0/go.mod h1:E7qHFY5m1UJ88s3WnNqhKjPHQ0heANvMoAMk2YaljkQ=
github.com/gorilla/websocket v1.4.0 h1:WDFjx/TMzVgy9VdMMQi2K2Emtwi2QcUQsztZ/zLaH/Q=
github.com/gorilla/websocket v1.4.0/go.mod h1:E7qHFY5m1UJ88s3WnNqhKjPHQ0heANvMoAMk2YaljkQ=
github.com/h2non/filetype v1.0.6 h1:g84/+gdkAT1hnYO+tHpCLoikm13Ju55OkN4KCb1uGEQ=
github.com/h2non/filetype v1.0.6/go.mod h1:isekKqOuhMj+s/7r3rIeTErIRy4Rub5uBWHfvMusLMU=
github.com/konsorten/go-windows-terminal-sequences v1.0.1 h1:mweAR1A6xJ3oS2pRaGiHgQ4OO8tzTaLawm8vnODuwDk=
github.com/konsorten/go-windows-terminal-sequences v1.0.1/go.mod h1:T0+1ngSBFLxvqU3pZ+m/2kptfBszLMUkC4ZK/EgS/cQ=
github.com/kr/pretty v0.1.0 h1:L/CwN0zerZDmRFUapSPitk6f+Q3+0za1rQkzVuMiMFI=
github.com/kr/pretty v0.1.0/go.mod h1:dAy3ld7l9f0ibDNOQOHHMYYIIbhfbHSm3C4ZsoJORNo=
github.com/kr/pty v1.1.1/go.mod h1:pFQYn66WHrOpPYNljwOMqo10TkYh1fy3cYio2l3bCsQ=
github.com/kr/text v0.1.0 h1:45sCR5RtlFHMR4UwH9sdQ5TC8v0qDQCHnXt+kaKSTVE=
github.com/kr/text v0.1.0/go.mod h1:4Jbv+DJW3UT/LiOwJeYQe1efqtUx/iVham/4vfdArNI=
github.com/line/line-bot-sdk-go v6.4.0+incompatible h1:j+yTHWjSo7ew9fVDjDsoP0gnr4iEAoaEFzlQhdQoxoQ=
github.com/line/line-bot-sdk-go v6.4.0+incompatible/go.mod h1:0RjLjJEAU/3GIcHkC3av6O4jInAbt25nnZVmOFUgDBg=
github.com/matrix-org/gomatrix v0.0.0-20190528120928-7df988a63f26 h1:Hr3zjRsq2bhrnp3Ky1qgx/fzCtCALOoGYylh2tpS9K4=
github.com/matrix-org/gomatrix v0.0.0-20190528120928-7df988a63f26/go.mod h1:3fxX6gUjWyI/2Bt7J1OLhpCzOfO/bB3AiX0cJtEKud0=
github.com/mattn/go-xmpp v0.0.0-20190124093244-6093f50721ed h1:A1hEQg5M0b3Wg06pm3q/B0wdZsPjVQ/a2IgauQ8wCZo=
github.com/mattn/go-xmpp v0.0.0-20190124093244-6093f50721ed/go.mod h1:Cs5mF0OsrRRmhkyOod//ldNPOwJsrBvJ+1WRspv0xoc=
github.com/nlopes/slack v0.5.0/go.mod h1:jVI4BBK3lSktibKahxBF74txcK2vyvkza1z/+rRnVAM=
github.com/nlopes/slack v0.6.0 h1:jt0jxVQGhssx1Ib7naAOZEZcGdtIhTzkP0nopK0AsRA=
github.com/nlopes/slack v0.6.0/go.mod h1:JzQ9m3PMAqcpeCam7UaHSuBuupz7CmpjehYMayT6YOk=
github.com/paked/messenger v1.1.1 h1:cpf2dmO0/3DND1OxRGOixHTL5gHV5XaPucxD9ysyq0Q=
github.com/paked/messenger v1.1.1/go.mod h1:siUOvB4T1Zc3ZoyjfT/BK8izFv9gbunXSZQZS/2ifK4=
github.com/pkg/errors v0.8.0/go.mod h1:bwawxfHBFNV+L2hUp1rHADufV3IMtnDRdf1r5NINEl0=
github.com/pkg/errors v0.8.1 h1:iURUrRGxPUNPdy5/HRSm+Yj6okJ6UtLINN0Q9M4+h3I=
github.com/pkg/errors v0.8.1/go.mod h1:bwawxfHBFNV+L2hUp1rHADufV3IMtnDRdf1r5NINEl0=
github.com/pmezard/go-difflib v1.0.0 h1:4DBwDE0NGyQoBHbLQYPwSUPoCMWR5BEzIk/f1lZbAQM=
github.com/pmezard/go-difflib v1.0.0/go.mod h1:iKH77koFhYxTK1pcRnkKkqfTogsbg7gZNVY4sRDYZ/4=
github.com/sirupsen/logrus v1.3.0/go.mod h1:LxeOpSwHxABJmUn/MG1IvRgCAasNZTLOkJPxbbu5VWo=
github.com/sirupsen/logrus v1.4.2 h1:SPIRibHv4MatM3XXNO2BJeFLZwZ2LvZgfQ5+UNI2im4=
github.com/sirupsen/logrus v1.4.2/go.mod h1:tLMulIdttU9McNUspp0xgXVQah82FyeX6MwdIuYE2rE=
github.com/stretchr/objx v0.1.1/go.mod h1:HFkY916IF+rwdDfMAkV7OtwuqBVzrE8GR6GFx+wExME=
github.com/stretchr/testify v1.2.2 h1:bSDNvY7ZPG5RlJ8otE/7V6gMiyenm9RtJ7IUVIAoJ1w=
github.com/stretchr/testify v1.2.2/go.mod h1:a8OnRcib4nhh0OaRAV+Yts87kKdq0PP7pXfy6kDkUVs=
github.com/tb0hdan/lastfm-go v0.0.0-20180721213654-121652f76134 h1:BFpYV1yyohDBt8chqgufYusZBjyroqvURv4J8sN0/GA=
github.com/tb0hdan/lastfm-go v0.0.0-20180721213654-121652f76134/go.mod h1:u9nlw54/83hnsvFdElf6hLXO2iwPs8fJe7SBl8He5ko=
github.com/tb0hdan/memcache v0.0.0-20191225221420-d37086ff01d4 h1:2qeotxobUVWyCushpscJXUKvG5JtiHe84TFDcpEjE2c=
github.com/tb0hdan/memcache v0.0.0-20191225221420-d37086ff01d4/go.mod h1:O3EvpVYkzhcstu8ZqQ2CyL6Pj6y3CIyD4zsoH0ZL8bo=
github.com/tb0hdan/torpedo_common v0.0.0-20190201185514-340be41222b7/go.mod h1:CnJIhII+FQv9FPZyJfqtN1UwUpYWGAaKNnsEa8azzC8=
github.com/tb0hdan/torpedo_common v0.0.0-20191226022607-adae179590c3 h1:pYm5Maaxypvh6TulHGMi9vbHOCBKOt2f2MM4r7jjS5E=
github.com/tb0hdan/torpedo_common v0.0.0-20191226022607-adae179590c3/go.mod h1:Z3k7RhE2+qcZ5RYDrR1fdRcCWdKMU+3msmpiUVt1iN0=
github.com/tb0hdan/torpedo_plugins v0.0.0-20190201200737-d56b7151e3bf h1:pZKV1mETTAtpxEWcJ+m5SxrIcVOz2sOwqiBQb2SX2Wg=
github.com/tb0hdan/torpedo_plugins/torpedo_bashim_plugin v0.0.0-20190201200737-d56b7151e3bf h1:qEz40KXD2cLZ8X61gvR0iqLXLQ+RG7fq7IyqYM70mV8=
github.com/tb0hdan/torpedo_plugins/torpedo_bashim_plugin v0.0.0-20190201200737-d56b7151e3bf/go.mod h1:eJByIpbr27XPY5ETeBRF/GivwjNluRjfK05YX9mwefQ=
github.com/tb0hdan/torpedo_plugins/torpedo_bashorg_plugin v0.0.0-20190201200737-d56b7151e3bf h1:baj1dN4JLK2HRhmg4KS+entbbTI1DMnGOGBB0HNQeBE=
github.com/tb0hdan/torpedo_plugins/torpedo_bashorg_plugin v0.0.0-20190201200737-d56b7151e3bf/go.mod h1:TMxT1XuVbSixruk4/84OFhXDE/4w+DgLLXQTkC0Zyco=
github.com/tb0hdan/torpedo_plugins/torpedo_catapi_plugin v0.0.0-20190201200737-d56b7151e3bf h1:P/erZpEiZS6E4FzeLmE81UmhazkHi+oAbSQ6TYrRmqs=
github.com/tb0hdan/torpedo_plugins/torpedo_catapi_plugin v0.0.0-20190201200737-d56b7151e3bf/go.mod h1:plmaGAzZiY0gctbmJA1twQFiuMUVq8WpBz6aJFsjfX8=
github.com/tb0hdan/torpedo_plugins/torpedo_cleverbot_plugin v0.0.0-20190201200737-d56b7151e3bf h1:yaTFA00GggyYR8TMCW0YBNrX3HI7W8xUdoznk0t7rH4=
github.com/tb0hdan/torpedo_plugins/torpedo_cleverbot_plugin v0.0.0-20190201200737-d56b7151e3bf/go.mod h1:vNp8rI4uR7b2Ioe5jfFKNLwxSdtSEZ+etgRp8UKYJnE=
github.com/tb0hdan/torpedo_plugins/torpedo_coub_plugin v0.0.0-20190201200737-d56b7151e3bf h1:6ovsS0TrZAa6QMPJbZ31KyFE9sDn0uz2uAibZdQFpeA=
github.com/tb0hdan/torpedo_plugins/torpedo_coub_plugin v0.0.0-20190201200737-d56b7151e3bf/go.mod h1:2LvB4+JVoqZpurwH3u/a7TZ9hYrpuZYkWk9up8BaD+M=
github.com/tb0hdan/torpedo_plugins/torpedo_currency_plugin v0.0.0-20190201200737-d56b7151e3bf h1:PRPVGI5VNWR1F7SuNXFgd/tvh4SrJVuzssOEpf9snFE=
github.com/tb0hdan/torpedo_plugins/torpedo_currency_plugin v0.0.0-20190201200737-d56b7151e3bf/go.mod h1:D6AHZDiZxppaRzqz2N4bU+A2kPJ9JEfKwjCG1UKv9po=
github.com/tb0hdan/torpedo_plugins/torpedo_file_plugin v0.0.0-20190201200737-d56b7151e3bf h1:z2cnpyN3RAF0kJg30resVYkUOh86XKGKBYjwI8+Y9kU=
github.com/tb0hdan/torpedo_plugins/torpedo_file_plugin v0.0.0-20190201200737-d56b7151e3bf/go.mod h1:7F8z4+R9fn6tsQF8fZjk8wMzliK9/RSEOmkdzH36POI=
github.com/tb0hdan/torpedo_plugins/torpedo_fun_plugin v0.0.0-20190201200737-d56b7151e3bf h1:8MGS9XiTNcZ0GEjdad6wC9bBnmnYhHt7wARp0mjTC5o=
github.com/tb0hdan/torpedo_plugins/torpedo_fun_plugin v0.0.0-20190201200737-d56b7151e3bf/go.mod h1:U/6PtV82CTmk6L/sRk1HJe7ZorDew5cdN4OwEbS+cqs=
github.com/tb0hdan/torpedo_plugins/torpedo_giphy_plugin v0.0.0-20190201200737-d56b7151e3bf h1:gfjZC1KpYZzijF1LBJnEbUtmK4rsVtRNKnWYxvl0xb4=
github.com/tb0hdan/torpedo_plugins/torpedo_giphy_plugin v0.0.0-20190201200737-d56b7151e3bf/go.mod h1:QRD5c9pOK24saI/BQUrTrspd2rgz24drcBf1TMbTmY0=
github.com/tb0hdan/torpedo_plugins/torpedo_history_plugin v0.0.0-20190201200737-d56b7151e3bf h1:n2SuQyvCfOvZsN2TNxsg20wsSEuvAKbRlNtN8vrNSPY=
github.com/tb0hdan/torpedo_plugins/torpedo_history_plugin v0.0.0-20190201200737-d56b7151e3bf/go.mod h1:DWMEdEmF6HjH7BVHJBmSOwmIs5KLrT453/6TmYy5Y6g=
github.com/tb0hdan/torpedo_plugins/torpedo_lastfm_plugin v0.0.0-20190201200737-d56b7151e3bf h1:Ga26CNfOC/U7GR7EHaYfMKUU4Kc6sXzKLMgko/qlYjk=
github.com/tb0hdan/torpedo_plugins/torpedo_lastfm_plugin v0.0.0-20190201200737-d56b7151e3bf/go.mod h1:RYaYhFkZcTnrGAqbBfkexgxlNVmQCs131TJXZGgYGjc=
github.com/tb0hdan/torpedo_plugins/torpedo_pinterest_plugin v0.0.0-20190201200737-d56b7151e3bf h1:ipCZo+yq6Ia0tR2Wojv31FepOtfMG6QTc1Aujhz6n20=
github.com/tb0hdan/torpedo_plugins/torpedo_pinterest_plugin v0.0.0-20190201200737-d56b7151e3bf/go.mod h1:GTRBDRxyuBhoNdZqa7sKz/G1mZNZCVC56h2M33oBn/w=
github.com/tb0hdan/torpedo_plugins/torpedo_shorteners_plugin v0.0.0-20190201200737-d56b7151e3bf h1:T/qtc5xNiDyuzfxk6ZkYkVP5qolibWzJdO1yEaPdq2s=
github.com/tb0hdan/torpedo_plugins/torpedo_shorteners_plugin v0.0.0-20190201200737-d56b7151e3bf/go.mod h1:NwfYjhYghL4BdTewVvKJh0li9cR9zWiP0EPn3XFYU4M=
github.com/tb0hdan/torpedo_plugins/torpedo_soundcloud_plugin v0.0.0-20190201200737-d56b7151e3bf h1:t2ka7YmnZzAZRf9bFsm1wposmpmGbI/QpTWV3wbZXwE=
github.com/tb0hdan/torpedo_plugins/torpedo_soundcloud_plugin v0.0.0-20190201200737-d56b7151e3bf/go.mod h1:qEAfeKIW0IfvW9d+6g4mfAkT03ETnVOdSDmmhro84RU=
github.com/tb0hdan/torpedo_plugins/torpedo_stackoverflow_plugin v0.0.0-20190201200737-d56b7151e3bf h1:r3i6EdNxt4Dz6jc+vkceFIjLxjwJ3cAPGe44BUBQ0WI=
github.com/tb0hdan/torpedo_plugins/torpedo_stackoverflow_plugin v0.0.0-20190201200737-d56b7151e3bf/go.mod h1:r9AxGwE1UM5M8XNnLf8bwjYQVGqQi7cbzVujqduGfKg=
github.com/tb0hdan/torpedo_plugins/torpedo_steam_plugin v0.0.0-20190201200737-d56b7151e3bf h1:suXTTtx0NC0SmFVSRXBdgZ0JMbPRatum/lRDAIhP1M4=
github.com/tb0hdan/torpedo_plugins/torpedo_steam_plugin v0.0.0-20190201200737-d56b7151e3bf/go.mod h1:bgPHCK1hxU14lDaPnbHc/xZVPS6F38asThNOnwk0ink=
github.com/tb0hdan/torpedo_plugins/torpedo_wiki_plugin v0.0.0-20190201200737-d56b7151e3bf h1:g6K5ZJCERJL3UedbGjefm1Cyteu8v8NNuLVGM3JGQyk=
github.com/tb0hdan/torpedo_plugins/torpedo_wiki_plugin v0.0.0-20190201200737-d56b7151e3bf/go.mod h1:wjlVU0enXzCoixuoEuJpX2hrIT1L6pft3rcGS8jvEtE=
github.com/tb0hdan/torpedo_plugins/torpedo_xkcd_plugin v0.0.0-20190201200737-d56b7151e3bf h1:mK00WKiywXf3qXLpoL5U/rjEgc+IpZnyxTtn3/hx4U0=
github.com/tb0hdan/torpedo_plugins/torpedo_xkcd_plugin v0.0.0-20190201200737-d56b7151e3bf/go.mod h1:NpwK42A5GWbkp2ARKw50YJ7YjzEJrDxYzgMBFZNrxHw=
github.com/tb0hdan/torpedo_registry v0.0.0-20180222001245-93074277c9ae/go.mod h1:CQu1jys8A7PGBFUPYW9EX7kQ9mX7VUXQDcnI5vJTZ8g=
github.com/tb0hdan/torpedo_registry v0.0.0-20191226022655-39bf797290b2 h1:+4219ny7c3ypc80ajbvKXnY9eCa1y4xShzRa8kKTm/E=
github.com/tb0hdan/torpedo_registry v0.0.0-20191226022655-39bf797290b2/go.mod h1:QW3eH1NP1RS/qk9m0j+IgQN6509Ef04+Cb0hd9fqZ6k=
github.com/technoweenie/multipartstreamer v1.0.1 h1:XRztA5MXiR1TIRHxH2uNxXxaIkKQDeX7m2XsSOlQEnM=
github.com/technoweenie/multipartstreamer v1.0.1/go.mod h1:jNVxdtShOxzAsukZwTSw6MDx5eUJoiEBsSvzDU9uzog=
github.com/thoj/go-ircevent v0.0.0-20190807115034-8e7ce4b5a1eb h1:EavwSqheIJl3nb91HhkL73DwnT2Fk8W3yM7T7TuLZvA=
github.com/thoj/go-ircevent v0.0.0-20190807115034-8e7ce4b5a1eb/go.mod h1:I0ZT9x8wStY6VOxtNOrLpnDURFs7HS0z1e1vhuKUEVc=
github.com/ugjka/cleverbot-go v0.0.0-20181113132206-820458cebd7b h1:aZzm1PlT23R77r95LYwr01CIDrqAlwB7xeHTsqQjbUg=
github.com/ugjka/cleverbot-go v0.0.0-20181113132206-820458cebd7b/go.mod h1:IbIb5Zooqv8AxacEHaq/o+XXy/q2TSk4NkSP4E8TW2w=
golang.org/x/crypto v0.0.0-20180904163835-0709b304e793/go.mod h1:6SG95UA2DQfeDnfUPMdvaQW0Q7yPrPDi9nlGo2tz2b4=
golang.org/x/net v0.0.0-20180218175443-cbe0f9307d01/go.mod h1:mL1N/T3taQHkDXs73rZJwtUhF3w3ftmwwsq0BUmARs4=
golang.org/x/net v0.0.0-20181114220301-adae6a3d119a/go.mod h1:mL1N/T3taQHkDXs73rZJwtUhF3w3ftmwwsq0BUmARs4=
golang.org/x/net v0.0.0-20190125091013-d26f9f9a57f3 h1:ulvT7fqt0yHWzpJwI57MezWnYDVpCAYBVuYst/L+fAY=
golang.org/x/net v0.0.0-20190125091013-d26f9f9a57f3/go.mod h1:mL1N/T3taQHkDXs73rZJwtUhF3w3ftmwwsq0BUmARs4=
golang.org/x/sys v0.0.0-20180905080454-ebe1bf3edb33/go.mod h1:STP8DvDyc/dI5b8T5hshtkjS+E42TnysNCUPdjciGhY=
golang.org/x/sys v0.0.0-20190422165155-953cdadca894 h1:Cz4ceDQGXuKRnVBDTS23GTn/pU5OE2C0WrNTOYK1Uuc=
golang.org/x/sys v0.0.0-20190422165155-953cdadca894/go.mod h1:h1NjWce9XRLGQEsW7wpKNCjG9DtNlClVuFLEZdDNbEs=
golang.org/x/text v0.3.0/go.mod h1:NqM8EUOU14njkJ3fqMW+pc6Ldnwhi/IjpwHt7yyuwOQ=
golang.org/x/text v0.3.2 h1:tW2bmiBqwgJj/UpqtC8EpXEZVYOwU0yG4iWbprSVAcs=
golang.org/x/text v0.3.2/go.mod h1:bEr9sfX3Q8Zfm5fL9x+3itogRgK3+ptLWKqgva+5dAk=
golang.org/x/tools v0.0.0-20180917221912-90fa682c2a6e/go.mod h1:n7NCudcB/nEzxVGmLbDWY5pfWTLqBcC2KZ6jyYvM4mQ=
gopkg.in/check.v1 v0.0.0-20161208181325-20d25e280405/go.mod h1:Co6ibVJAznAaIkqp8huTwlJQCZ016jof/cbN4VW5Yz0=
gopkg.in/check.v1 v1.0.0-20190902080502-41f04d3bba15 h1:YR8cESwS4TdDjEe65xsg0ogRM/Nc3DYOhEAlW+xobZo=
gopkg.in/check.v1 v1.0.0-20190902080502-41f04d3bba15/go.mod h1:Co6ibVJAznAaIkqp8huTwlJQCZ016jof/cbN4VW5Yz0=
gopkg.in/mgo.v2 v2.0.0-20180705113604-9856a29383ce/go.mod h1:yeKp02qBN3iKW1OzL3MGk2IdtZzaj7SFntXj72NppTA=
gopkg.in/mgo.v2 v2.0.0-20190816093944-a6b53ec6cb22 h1:VpOs+IwYnYBaFnrNAeB8UUWtL3vEUnzSCL1nVjPhqrw=
gopkg.in/mgo.v2 v2.0.0-20190816093944-a6b53ec6cb22/go.mod h1:yeKp02qBN3iKW1OzL3MGk2IdtZzaj7SFntXj72NppTA=
gopkg.in/telegram-bot-api.v4 v4.6.4 h1:hpHWhzn4jTCsAJZZ2loNKfy2QWyPDRJVl3aTFXeMW8g=
gopkg.in/telegram-bot-api.v4 v4.6.4/go.mod h1:5DpGO5dbumb40px+dXcwCpcjmeHNYLpk0bp3XRNvWDM=
gopkg.in/yaml.v2 v2.2.7 h1:VUgggvou5XRW9mHwD/yXxIYSMtY0zoKQf/v226p2nyo=
gopkg.in/yaml.v2 v2.2.7/go.mod h1:hI93XBmqTisBFMUTm0b8Fm+jr3Dg1NNxqwp+5A1VGuI=
